// !$*UTF8*$!
{
	archiveVersion = 1;
	classes = {
	};
	objectVersion = 46;
	objects = {

/* Begin PBXBuildFile section */
		730954EE32585C12F8674F0A /* libPods.a in Frameworks */ = {isa = PBXBuildFile; fileRef = 6977B5D89CF9CAA47C0F1C8E /* libPods.a */; };
		C4AAD7D81C2406120012ED00 /* Coin+CoreDataProperties.m in Sources */ = {isa = PBXBuildFile; fileRef = C4AAD7D51C2406120012ED00 /* Coin+CoreDataProperties.m */; };
		C4AAD7D91C2406120012ED00 /* Coin.m in Sources */ = {isa = PBXBuildFile; fileRef = C4AAD7D71C2406120012ED00 /* Coin.m */; };
		C4E22DF01C1EDA0E0017A882 /* main.m in Sources */ = {isa = PBXBuildFile; fileRef = C4E22DEF1C1EDA0E0017A882 /* main.m */; };
		C4E22DF31C1EDA0E0017A882 /* AppDelegate.m in Sources */ = {isa = PBXBuildFile; fileRef = C4E22DF21C1EDA0E0017A882 /* AppDelegate.m */; };
		C4E22DF61C1EDA0E0017A882 /* ViewController.m in Sources */ = {isa = PBXBuildFile; fileRef = C4E22DF51C1EDA0E0017A882 /* ViewController.m */; };
		C4E22DF91C1EDA0E0017A882 /* Main.storyboard in Resources */ = {isa = PBXBuildFile; fileRef = C4E22DF71C1EDA0E0017A882 /* Main.storyboard */; };
		C4E22DFC1C1EDA0E0017A882 /* Rate.xcdatamodeld in Sources */ = {isa = PBXBuildFile; fileRef = C4E22DFA1C1EDA0E0017A882 /* Rate.xcdatamodeld */; };
		C4E22DFE1C1EDA0E0017A882 /* Assets.xcassets in Resources */ = {isa = PBXBuildFile; fileRef = C4E22DFD1C1EDA0E0017A882 /* Assets.xcassets */; };
		C4E22E011C1EDA0E0017A882 /* LaunchScreen.storyboard in Resources */ = {isa = PBXBuildFile; fileRef = C4E22DFF1C1EDA0E0017A882 /* LaunchScreen.storyboard */; };
/* End PBXBuildFile section */

/* Begin PBXFileReference section */
		506CB1300319E240D25F3CC6 /* Pods.release.xcconfig */ = {isa = PBXFileReference; includeInIndex = 1; lastKnownFileType = text.xcconfig; name = Pods.release.xcconfig; path = "Pods/Target Support Files/Pods/Pods.release.xcconfig"; sourceTree = "<group>"; };
		6977B5D89CF9CAA47C0F1C8E /* libPods.a */ = {isa = PBXFileReference; explicitFileType = archive.ar; includeInIndex = 0; path = libPods.a; sourceTree = BUILT_PRODUCTS_DIR; };
		8AD2E30581A5768CB727CD7E /* Pods.debug.xcconfig */ = {isa = PBXFileReference; includeInIndex = 1; lastKnownFileType = text.xcconfig; name = Pods.debug.xcconfig; path = "Pods/Target Support Files/Pods/Pods.debug.xcconfig"; sourceTree = "<group>"; };
		C4AAD7D41C2406120012ED00 /* Coin+CoreDataProperties.h */ = {isa = PBXFileReference; fileEncoding = 4; lastKnownFileType = sourcecode.c.h; path = "Coin+CoreDataProperties.h"; sourceTree = "<group>"; };
		C4AAD7D51C2406120012ED00 /* Coin+CoreDataProperties.m */ = {isa = PBXFileReference; fileEncoding = 4; lastKnownFileType = sourcecode.c.objc; path = "Coin+CoreDataProperties.m"; sourceTree = "<group>"; };
		C4AAD7D61C2406120012ED00 /* Coin.h */ = {isa = PBXFileReference; fileEncoding = 4; lastKnownFileType = sourcecode.c.h; path = Coin.h; sourceTree = "<group>"; };
		C4AAD7D71C2406120012ED00 /* Coin.m */ = {isa = PBXFileReference; fileEncoding = 4; lastKnownFileType = sourcecode.c.objc; path = Coin.m; sourceTree = "<group>"; };
		C4E22DEB1C1EDA0E0017A882 /* Rate.app */ = {isa = PBXFileReference; explicitFileType = wrapper.application; includeInIndex = 0; path = Rate.app; sourceTree = BUILT_PRODUCTS_DIR; };
		C4E22DEF1C1EDA0E0017A882 /* main.m */ = {isa = PBXFileReference; lastKnownFileType = sourcecode.c.objc; path = main.m; sourceTree = "<group>"; };
		C4E22DF11C1EDA0E0017A882 /* AppDelegate.h */ = {isa = PBXFileReference; lastKnownFileType = sourcecode.c.h; path = AppDelegate.h; sourceTree = "<group>"; };
		C4E22DF21C1EDA0E0017A882 /* AppDelegate.m */ = {isa = PBXFileReference; lastKnownFileType = sourcecode.c.objc; path = AppDelegate.m; sourceTree = "<group>"; };
		C4E22DF41C1EDA0E0017A882 /* ViewController.h */ = {isa = PBXFileReference; lastKnownFileType = sourcecode.c.h; path = ViewController.h; sourceTree = "<group>"; };
		C4E22DF51C1EDA0E0017A882 /* ViewController.m */ = {isa = PBXFileReference; lastKnownFileType = sourcecode.c.objc; path = ViewController.m; sourceTree = "<group>"; };
		C4E22DF81C1EDA0E0017A882 /* Base */ = {isa = PBXFileReference; lastKnownFileType = file.storyboard; name = Base; path = Base.lproj/Main.storyboard; sourceTree = "<group>"; };
		C4E22DFB1C1EDA0E0017A882 /* Rate.xcdatamodel */ = {isa = PBXFileReference; lastKnownFileType = wrapper.xcdatamodel; path = Rate.xcdatamodel; sourceTree = "<group>"; };
		C4E22DFD1C1EDA0E0017A882 /* Assets.xcassets */ = {isa = PBXFileReference; lastKnownFileType = folder.assetcatalog; path = Assets.xcassets; sourceTree = "<group>"; };
		C4E22E001C1EDA0E0017A882 /* Base */ = {isa = PBXFileReference; lastKnownFileType = file.storyboard; name = Base; path = Base.lproj/LaunchScreen.storyboard; sourceTree = "<group>"; };
		C4E22E021C1EDA0E0017A882 /* Info.plist */ = {isa = PBXFileReference; lastKnownFileType = text.plist.xml; path = Info.plist; sourceTree = "<group>"; };
/* End PBXFileReference section */

/* Begin PBXFrameworksBuildPhase section */
		C4E22DE81C1EDA0E0017A882 /* Frameworks */ = {
			isa = PBXFrameworksBuildPhase;
			buildActionMask = 2147483647;
			files = (
				730954EE32585C12F8674F0A /* libPods.a in Frameworks */,
			);
			runOnlyForDeploymentPostprocessing = 0;
		};
/* End PBXFrameworksBuildPhase section */

/* Begin PBXGroup section */
		3A64619EB64D61FBBA53067E /* Frameworks */ = {
			isa = PBXGroup;
			children = (
				6977B5D89CF9CAA47C0F1C8E /* libPods.a */,
			);
			name = Frameworks;
			sourceTree = "<group>";
		};
		B8C37B9B9C3F58B8D287F6B8 /* Pods */ = {
			isa = PBXGroup;
			children = (
				8AD2E30581A5768CB727CD7E /* Pods.debug.xcconfig */,
				506CB1300319E240D25F3CC6 /* Pods.release.xcconfig */,
			);
			name = Pods;
			sourceTree = "<group>";
		};
		C4E22DE21C1EDA0E0017A882 = {
			isa = PBXGroup;
			children = (
				C4E22DED1C1EDA0E0017A882 /* Rate */,
				C4E22DEC1C1EDA0E0017A882 /* Products */,
				B8C37B9B9C3F58B8D287F6B8 /* Pods */,
				3A64619EB64D61FBBA53067E /* Frameworks */,
			);
			sourceTree = "<group>";
		};
		C4E22DEC1C1EDA0E0017A882 /* Products */ = {
			isa = PBXGroup;
			children = (
				C4E22DEB1C1EDA0E0017A882 /* Rate.app */,
			);
			name = Products;
			sourceTree = "<group>";
		};
		C4E22DED1C1EDA0E0017A882 /* Rate */ = {
			isa = PBXGroup;
			children = (
				C4AAD7D41C2406120012ED00 /* Coin+CoreDataProperties.h */,
				C4AAD7D51C2406120012ED00 /* Coin+CoreDataProperties.m */,
				C4AAD7D61C2406120012ED00 /* Coin.h */,
				C4AAD7D71C2406120012ED00 /* Coin.m */,
				C4E22DF11C1EDA0E0017A882 /* AppDelegate.h */,
				C4E22DF21C1EDA0E0017A882 /* AppDelegate.m */,
				C4E22DF41C1EDA0E0017A882 /* ViewController.h */,
				C4E22DF51C1EDA0E0017A882 /* ViewController.m */,
				C4E22DF71C1EDA0E0017A882 /* Main.storyboard */,
				C4E22DFD1C1EDA0E0017A882 /* Assets.xcassets */,
				C4E22DFF1C1EDA0E0017A882 /* LaunchScreen.storyboard */,
				C4E22E021C1EDA0E0017A882 /* Info.plist */,
				C4E22DFA1C1EDA0E0017A882 /* Rate.xcdatamodeld */,
				C4E22DEE1C1EDA0E0017A882 /* Supporting Files */,
			);
			path = Rate;
			sourceTree = "<group>";
		};
		C4E22DEE1C1EDA0E0017A882 /* Supporting Files */ = {
			isa = PBXGroup;
			children = (
				C4E22DEF1C1EDA0E0017A882 /* main.m */,
			);
			name = "Supporting Files";
			sourceTree = "<group>";
		};
/* End PBXGroup section */

/* Begin PBXNativeTarget section */
		C4E22DEA1C1EDA0E0017A882 /* Rate */ = {
			isa = PBXNativeTarget;
			buildConfigurationList = C4E22E051C1EDA0E0017A882 /* Build configuration list for PBXNativeTarget "Rate" */;
			buildPhases = (
				1CF74807708576BFE8099A7C /* Check Pods Manifest.lock */,
				C4E22DE71C1EDA0E0017A882 /* Sources */,
				C4E22DE81C1EDA0E0017A882 /* Frameworks */,
				C4E22DE91C1EDA0E0017A882 /* Resources */,
				7D9E474F19F8918295CB2F83 /* Embed Pods Frameworks */,
				63DA63D0EACCB1933C4E97A7 /* Copy Pods Resources */,
			);
			buildRules = (
			);
			dependencies = (
			);
			name = Rate;
			productName = Rate;
			productReference = C4E22DEB1C1EDA0E0017A882 /* Rate.app */;
			productType = "com.apple.product-type.application";
		};
/* End PBXNativeTarget section */

/* Begin PBXProject section */
		C4E22DE31C1EDA0E0017A882 /* Project object */ = {
			isa = PBXProject;
			attributes = {
				LastUpgradeCheck = 0720;
				ORGANIZATIONNAME = Summer.;
				TargetAttributes = {
					C4E22DEA1C1EDA0E0017A882 = {
						CreatedOnToolsVersion = 7.2;
						DevelopmentTeam = D743H452Q5;
					};
				};
			};
			buildConfigurationList = C4E22DE61C1EDA0E0017A882 /* Build configuration list for PBXProject "Rate" */;
			compatibilityVersion = "Xcode 3.2";
			developmentRegion = English;
			hasScannedForEncodings = 0;
			knownRegions = (
				en,
				Base,
			);
			mainGroup = C4E22DE21C1EDA0E0017A882;
			productRefGroup = C4E22DEC1C1EDA0E0017A882 /* Products */;
			projectDirPath = "";
			projectRoot = "";
			targets = (
				C4E22DEA1C1EDA0E0017A882 /* Rate */,
			);
		};
/* End PBXProject section */

/* Begin PBXResourcesBuildPhase section */
		C4E22DE91C1EDA0E0017A882 /* Resources */ = {
			isa = PBXResourcesBuildPhase;
			buildActionMask = 2147483647;
			files = (
				C4E22E011C1EDA0E0017A882 /* LaunchScreen.storyboard in Resources */,
				C4E22DFE1C1EDA0E0017A882 /* Assets.xcassets in Resources */,
				C4E22DF91C1EDA0E0017A882 /* Main.storyboard in Resources */,
			);
			runOnlyForDeploymentPostprocessing = 0;
		};
/* End PBXResourcesBuildPhase section */

/* Begin PBXShellScriptBuildPhase section */
		1CF74807708576BFE8099A7C /* Check Pods Manifest.lock */ = {
			isa = PBXShellScriptBuildPhase;
			buildActionMask = 2147483647;
			files = (
			);
			inputPaths = (
			);
			name = "Check Pods Manifest.lock";
			outputPaths = (
			);
			runOnlyForDeploymentPostprocessing = 0;
			shellPath = /bin/sh;
			shellScript = "diff \"${PODS_ROOT}/../Podfile.lock\" \"${PODS_ROOT}/Manifest.lock\" > /dev/null\nif [[ $? != 0 ]] ; then\n    cat << EOM\nerror: The sandbox is not in sync with the Podfile.lock. Run 'pod install' or update your CocoaPods installation.\nEOM\n    exit 1\nfi\n";
			showEnvVarsInLog = 0;
		};
		63DA63D0EACCB1933C4E97A7 /* Copy Pods Resources */ = {
			isa = PBXShellScriptBuildPhase;
			buildActionMask = 2147483647;
			files = (
			);
			inputPaths = (
			);
			name = "Copy Pods Resources";
			outputPaths = (
			);
			runOnlyForDeploymentPostprocessing = 0;
			shellPath = /bin/sh;
			shellScript = "\"${SRCROOT}/Pods/Target Support Files/Pods/Pods-resources.sh\"\n";
			showEnvVarsInLog = 0;
		};
		7D9E474F19F8918295CB2F83 /* Embed Pods Frameworks */ = {
			isa = PBXShellScriptBuildPhase;
			buildActionMask = 2147483647;
			files = (
			);
			inputPaths = (
			);
			name = "Embed Pods Frameworks";
			outputPaths = (
			);
			runOnlyForDeploymentPostprocessing = 0;
			shellPath = /bin/sh;
			shellScript = "\"${SRCROOT}/Pods/Target Support Files/Pods/Pods-frameworks.sh\"\n";
			showEnvVarsInLog = 0;
		};
/* End PBXShellScriptBuildPhase section */

/* Begin PBXSourcesBuildPhase section */
		C4E22DE71C1EDA0E0017A882 /* Sources */ = {
			isa = PBXSourcesBuildPhase;
			buildActionMask = 2147483647;
			files = (
				C4E22DF61C1EDA0E0017A882 /* ViewController.m in Sources */,
				C4AAD7D81C2406120012ED00 /* Coin+CoreDataProperties.m in Sources */,
				C4AAD7D91C2406120012ED00 /* Coin.m in Sources */,
				C4E22DFC1C1EDA0E0017A882 /* Rate.xcdatamodeld in Sources */,
				C4E22DF31C1EDA0E0017A882 /* AppDelegate.m in Sources */,
				C4E22DF01C1EDA0E0017A882 /* main.m in Sources */,
			);
			runOnlyForDeploymentPostprocessing = 0;
		};
/* End PBXSourcesBuildPhase section */

/* Begin PBXVariantGroup section */
		C4E22DF71C1EDA0E0017A882 /* Main.storyboard */ = {
			isa = PBXVariantGroup;
			children = (
				C4E22DF81C1EDA0E0017A882 /* Base */,
			);
			name = Main.storyboard;
			sourceTree = "<group>";
		};
		C4E22DFF1C1EDA0E0017A882 /* LaunchScreen.storyboard */ = {
			isa = PBXVariantGroup;
			children = (
				C4E22E001C1EDA0E0017A882 /* Base */,
			);
			name = LaunchScreen.storyboard;
			sourceTree = "<group>";
		};
/* End PBXVariantGroup section */

/* Begin XCBuildConfiguration section */
		C4E22E031C1EDA0E0017A882 /* Debug */ = {
			isa = XCBuildConfiguration;
			buildSettings = {
				ALWAYS_SEARCH_USER_PATHS = NO;
				CLANG_CXX_LANGUAGE_STANDARD = "gnu++0x";
				CLANG_CXX_LIBRARY = "libc++";
				CLANG_ENABLE_MODULES = YES;
				CLANG_ENABLE_OBJC_ARC = YES;
				CLANG_WARN_BOOL_CONVERSION = YES;
				CLANG_WARN_CONSTANT_CONVERSION = YES;
				CLANG_WARN_DIRECT_OBJC_ISA_USAGE = YES_ERROR;
				CLANG_WARN_EMPTY_BODY = YES;
				CLANG_WARN_ENUM_CONVERSION = YES;
				CLANG_WARN_INT_CONVERSION = YES;
				CLANG_WARN_OBJC_ROOT_CLASS = YES_ERROR;
				CLANG_WARN_UNREACHABLE_CODE = YES;
				CLANG_WARN__DUPLICATE_METHOD_MATCH = YES;
				"CODE_SIGN_IDENTITY[sdk=iphoneos*]" = "iPhone Developer";
				COPY_PHASE_STRIP = NO;
				DEBUG_INFORMATION_FORMAT = dwarf;
				ENABLE_STRICT_OBJC_MSGSEND = YES;
				ENABLE_TESTABILITY = YES;
				GCC_C_LANGUAGE_STANDARD = gnu99;
				GCC_DYNAMIC_NO_PIC = NO;
				GCC_NO_COMMON_BLOCKS = YES;
				GCC_OPTIMIZATION_LEVEL = 0;
				GCC_PREPROCESSOR_DEFINITIONS = (
					"DEBUG=1",
					"$(inherited)",
				);
				GCC_WARN_64_TO_32_BIT_CONVERSION = YES;
				GCC_WARN_ABOUT_RETURN_TYPE = YES_ERROR;
				GCC_WARN_UNDECLARED_SELECTOR = YES;
				GCC_WARN_UNINITIALIZED_AUTOS = YES_AGGRESSIVE;
				GCC_WARN_UNUSED_FUNCTION = YES;
				GCC_WARN_UNUSED_VARIABLE = YES;
				IPHONEOS_DEPLOYMENT_TARGET = 9.2;
				MTL_ENABLE_DEBUG_INFO = YES;
				ONLY_ACTIVE_ARCH = YES;
				SDKROOT = iphoneos;
				TARGETED_DEVICE_FAMILY = "1,2";
			};
			name = Debug;
		};
		C4E22E041C1EDA0E0017A882 /* Release */ = {
			isa = XCBuildConfiguration;
			buildSettings = {
				ALWAYS_SEARCH_USER_PATHS = NO;
				CLANG_CXX_LANGUAGE_STANDARD = "gnu++0x";
				CLANG_CXX_LIBRARY = "libc++";
				CLANG_ENABLE_MODULES = YES;
				CLANG_ENABLE_OBJC_ARC = YES;
				CLANG_WARN_BOOL_CONVERSION = YES;
				CLANG_WARN_CONSTANT_CONVERSION = YES;
				CLANG_WARN_DIRECT_OBJC_ISA_USAGE = YES_ERROR;
				CLANG_WARN_EMPTY_BODY = YES;
				CLANG_WARN_ENUM_CONVERSION = YES;
				CLANG_WARN_INT_CONVERSION = YES;
				CLANG_WARN_OBJC_ROOT_CLASS = YES_ERROR;
				CLANG_WARN_UNREACHABLE_CODE = YES;
				CLANG_WARN__DUPLICATE_METHOD_MATCH = YES;
				"CODE_SIGN_IDENTITY[sdk=iphoneos*]" = "iPhone Developer";
				COPY_PHASE_STRIP = NO;
				DEBUG_INFORMATION_FORMAT = "dwarf-with-dsym";
				ENABLE_NS_ASSERTIONS = NO;
				ENABLE_STRICT_OBJC_MSGSEND = YES;
				GCC_C_LANGUAGE_STANDARD = gnu99;
				GCC_NO_COMMON_BLOCKS = YES;
				GCC_WARN_64_TO_32_BIT_CONVERSION = YES;
				GCC_WARN_ABOUT_RETURN_TYPE = YES_ERROR;
				GCC_WARN_UNDECLARED_SELECTOR = YES;
				GCC_WARN_UNINITIALIZED_AUTOS = YES_AGGRESSIVE;
				GCC_WARN_UNUSED_FUNCTION = YES;
				GCC_WARN_UNUSED_VARIABLE = YES;
				IPHONEOS_DEPLOYMENT_TARGET = 9.2;
				MTL_ENABLE_DEBUG_INFO = NO;
				SDKROOT = iphoneos;
				TARGETED_DEVICE_FAMILY = "1,2";
				VALIDATE_PRODUCT = YES;
			};
			name = Release;
		};
		C4E22E061C1EDA0E0017A882 /* Debug */ = {
			isa = XCBuildConfiguration;
			baseConfigurationReference = 8AD2E30581A5768CB727CD7E /* Pods.debug.xcconfig */;
			buildSettings = {
				ASSETCATALOG_COMPILER_APPICON_NAME = AppIcon;
				INFOPLIST_FILE = Rate/Info.plist;
				LD_RUNPATH_SEARCH_PATHS = "$(inherited) @executable_path/Frameworks";
				PRODUCT_BUNDLE_IDENTIFIER = com.drartisan.Test.Rate;
				PRODUCT_NAME = "$(TARGET_NAME)";
			};
			name = Debug;
		};
		C4E22E071C1EDA0E0017A882 /* Release */ = {
			isa = XCBuildConfiguration;
			baseConfigurationReference = 506CB1300319E240D25F3CC6 /* Pods.release.xcconfig */;
			buildSettings = {
				ASSETCATALOG_COMPILER_APPICON_NAME = AppIcon;
				INFOPLIST_FILE = Rate/Info.plist;
				LD_RUNPATH_SEARCH_PATHS = "$(inherited) @executable_path/Frameworks";
				PRODUCT_BUNDLE_IDENTIFIER = com.drartisan.Test.Rate;
				PRODUCT_NAME = "$(TARGET_NAME)";
			};
			name = Release;
		};
/* End XCBuildConfiguration section */

/* Begin XCConfigurationList section */
		C4E22DE61C1EDA0E0017A882 /* Build configuration list for PBXProject "Rate" */ = {
			isa = XCConfigurationList;
			buildConfigurations = (
				C4E22E031C1EDA0E0017A882 /* Debug */,
				C4E22E041C1EDA0E0017A882 /* Release */,
			);
			defaultConfigurationIsVisible = 0;
			defaultConfigurationName = Release;
		};
		C4E22E051C1EDA0E0017A882 /* Build configuration list for PBXNativeTarget "Rate" */ = {
			isa = XCConfigurationList;
			buildConfigurations = (
				C4E22E061C1EDA0E0017A882 /* Debug */,
				C4E22E071C1EDA0E0017A882 /* Release */,
			);
			defaultConfigurationIsVisible = 0;
			defaultConfigurationName = Release;
		};
/* End XCConfigurationList section */

/* Begin XCVersionGroup section */
		C4E22DFA1C1EDA0E0017A882 /* Rate.xcdatamodeld */ = {
			isa = XCVersionGroup;
			children = (
				C4E22DFB1C1EDA0E0017A882 /* Rate.xcdatamodel */,
			);
			currentVersion = C4E22DFB1C1EDA0E0017A882 /* Rate.xcdatamodel */;
			path = Rate.xcdatamodeld;
			sourceTree = "<group>";
			versionGroupType = wrapper.xcdatamodel;
		};
/* End XCVersionGroup section */
	};
	rootObject = C4E22DE31C1EDA0E0017A882 /* Project object */;
}
